
Microsoft Visual Studio Solution File, Format Version 12.00
# Visual Studio 15
VisualStudioVersion = 15.0.28307.645
MinimumVisualStudioVersion = 10.0.40219.1
Project("{FAE04EC0-301F-11D3-BF4B-00C04F79EFBC}") = "week1_lab1SM2019", "week1_lab1SM2019\week1_lab1SM2019.csproj", "{D03F4F78-B6C7-4769-93A6-46259F2E1AD1}"
EndProject
Global
	GlobalSection(SolutionConfigurationPlatforms) = preSolution
		Debug|Any CPU = Debug|Any CPU
		Release|Any CPU = Release|Any CPU
	EndGlobalSection
	GlobalSection(ProjectConfigurationPlatforms) = postSolution
		{D03F4F78-B6C7-4769-93A6-46259F2E1AD1}.Debug|Any CPU.ActiveCfg = Debug|Any CPU
		{D03F4F78-B6C7-4769-93A6-46259F2E1AD1}.Debug|Any CPU.Build.0 = Debug|Any CPU
		{D03F4F78-B6C7-4769-93A6-46259F2E1AD1}.Release|Any CPU.ActiveCfg = Release|Any CPU
		{D03F4F78-B6C7-4769-93A6-46259F2E1AD1}.Release|Any CPU.Build.0 = Release|Any CPU
	EndGlobalSection
	GlobalSection(SolutionProperties) = preSolution
		HideSolutionNode = FALSE
	EndGlobalSection
	GlobalSection(ExtensibilityGlobals) = postSolution
		SolutionGuid = {5F550AA3-AF59-41BE-90F8-106393B5EB22}
	EndGlobalSection
EndGlobal
